
Microsoft Visual Studio Solution File, Format Version 12.00
# Visual Studio Version 16
VisualStudioVersion = 16.0.29911.84
MinimumVisualStudioVersion = 10.0.40219.1
Project("{9A19103F-16F7-4668-BE54-9A1E7A4F7556}") = "LearnApp.WebAPI", "src\LearnApp.WebAPI\LearnApp.WebAPI.csproj", "{C6599D30-1645-42EC-BC7A-2FE200D8B832}"
EndProject
Project("{9A19103F-16F7-4668-BE54-9A1E7A4F7556}") = "LearnApp.DAL", "src\LearnApp.DAL\LearnApp.DAL.csproj", "{2A65973B-C875-4149-AC97-3EEBF4485F8C}"
EndProject
Project("{9A19103F-16F7-4668-BE54-9A1E7A4F7556}") = "LearnApp.BLL", "src\LearnApp.BLL\LearnApp.BLL.csproj", "{D9F7B76C-37FB-463E-9E21-4EF079F39D01}"
EndProject
Project("{9A19103F-16F7-4668-BE54-9A1E7A4F7556}") = "LearnApp.Common", "src\LearnApp.Common\LearnApp.Common.csproj", "{3CE18277-C0A3-4EF4-B445-5E96629EDC1F}"
EndProject
Global
	GlobalSection(SolutionConfigurationPlatforms) = preSolution
		Debug|Any CPU = Debug|Any CPU
		Release|Any CPU = Release|Any CPU
	EndGlobalSection
	GlobalSection(ProjectConfigurationPlatforms) = postSolution
		{C6599D30-1645-42EC-BC7A-2FE200D8B832}.Debug|Any CPU.ActiveCfg = Debug|Any CPU
		{C6599D30-1645-42EC-BC7A-2FE200D8B832}.Debug|Any CPU.Build.0 = Debug|Any CPU
		{C6599D30-1645-42EC-BC7A-2FE200D8B832}.Release|Any CPU.ActiveCfg = Release|Any CPU
		{C6599D30-1645-42EC-BC7A-2FE200D8B832}.Release|Any CPU.Build.0 = Release|Any CPU
		{2A65973B-C875-4149-AC97-3EEBF4485F8C}.Debug|Any CPU.ActiveCfg = Debug|Any CPU
		{2A65973B-C875-4149-AC97-3EEBF4485F8C}.Debug|Any CPU.Build.0 = Debug|Any CPU
		{2A65973B-C875-4149-AC97-3EEBF4485F8C}.Release|Any CPU.ActiveCfg = Release|Any CPU
		{2A65973B-C875-4149-AC97-3EEBF4485F8C}.Release|Any CPU.Build.0 = Release|Any CPU
		{D9F7B76C-37FB-463E-9E21-4EF079F39D01}.Debug|Any CPU.ActiveCfg = Debug|Any CPU
		{D9F7B76C-37FB-463E-9E21-4EF079F39D01}.Debug|Any CPU.Build.0 = Debug|Any CPU
		{D9F7B76C-37FB-463E-9E21-4EF079F39D01}.Release|Any CPU.ActiveCfg = Release|Any CPU
		{D9F7B76C-37FB-463E-9E21-4EF079F39D01}.Release|Any CPU.Build.0 = Release|Any CPU
		{3CE18277-C0A3-4EF4-B445-5E96629EDC1F}.Debug|Any CPU.ActiveCfg = Debug|Any CPU
		{3CE18277-C0A3-4EF4-B445-5E96629EDC1F}.Debug|Any CPU.Build.0 = Debug|Any CPU
		{3CE18277-C0A3-4EF4-B445-5E96629EDC1F}.Release|Any CPU.ActiveCfg = Release|Any CPU
		{3CE18277-C0A3-4EF4-B445-5E96629EDC1F}.Release|Any CPU.Build.0 = Release|Any CPU
	EndGlobalSection
	GlobalSection(SolutionProperties) = preSolution
		HideSolutionNode = FALSE
	EndGlobalSection
	GlobalSection(ExtensibilityGlobals) = postSolution
		SolutionGuid = {C3F3A3AD-EC88-4CEB-9C68-459A32472D9D}
	EndGlobalSection
EndGlobal
