
Microsoft Visual Studio Solution File, Format Version 12.00
# Visual Studio Version 16
VisualStudioVersion = 16.0.29911.84
MinimumVisualStudioVersion = 10.0.40219.1
Project("{9A19103F-16F7-4668-BE54-9A1E7A4F7556}") = "LearnApp.WebAPI", "src\LearnApp.WebAPI\LearnApp.WebAPI.csproj", "{C6599D30-1645-42EC-BC7A-2FE200D8B832}"
EndProject
Project("{FAE04EC0-301F-11D3-BF4B-00C04F79EFBC}") = "LearnApp.Core", "src\LearnApp.Core\LearnApp.Core.csproj", "{A24432C1-367C-472E-92F5-EA0AEF6076F8}"
EndProject
Global
	GlobalSection(SolutionConfigurationPlatforms) = preSolution
		Debug|Any CPU = Debug|Any CPU
		Release|Any CPU = Release|Any CPU
	EndGlobalSection
	GlobalSection(ProjectConfigurationPlatforms) = postSolution
		{C6599D30-1645-42EC-BC7A-2FE200D8B832}.Debug|Any CPU.ActiveCfg = Debug|Any CPU
		{C6599D30-1645-42EC-BC7A-2FE200D8B832}.Debug|Any CPU.Build.0 = Debug|Any CPU
		{C6599D30-1645-42EC-BC7A-2FE200D8B832}.Release|Any CPU.ActiveCfg = Release|Any CPU
		{C6599D30-1645-42EC-BC7A-2FE200D8B832}.Release|Any CPU.Build.0 = Release|Any CPU
		{A24432C1-367C-472E-92F5-EA0AEF6076F8}.Debug|Any CPU.ActiveCfg = Debug|Any CPU
		{A24432C1-367C-472E-92F5-EA0AEF6076F8}.Debug|Any CPU.Build.0 = Debug|Any CPU
		{A24432C1-367C-472E-92F5-EA0AEF6076F8}.Release|Any CPU.ActiveCfg = Release|Any CPU
		{A24432C1-367C-472E-92F5-EA0AEF6076F8}.Release|Any CPU.Build.0 = Release|Any CPU
	EndGlobalSection
	GlobalSection(SolutionProperties) = preSolution
		HideSolutionNode = FALSE
	EndGlobalSection
	GlobalSection(ExtensibilityGlobals) = postSolution
		SolutionGuid = {C3F3A3AD-EC88-4CEB-9C68-459A32472D9D}
	EndGlobalSection
EndGlobal
